
Microsoft Visual Studio Solution File, Format Version 12.00
# Visual Studio 15
VisualStudioVersion = 15.0.26403.0
MinimumVisualStudioVersion = 10.0.40219.1
Project("{FAE04EC0-301F-11D3-BF4B-00C04F79EFBC}") = "testdatabase", "testdatabase\testdatabase.csproj", "{AE585B35-59F0-4F59-864F-ED7532CF9342}"
EndProject
Project("{FAE04EC0-301F-11D3-BF4B-00C04F79EFBC}") = "Stathis.Models", "Stathis.Models\Stathis.Models.csproj", "{16278DD3-B497-4739-BF04-B0EEA5256260}"
EndProject
Project("{FAE04EC0-301F-11D3-BF4B-00C04F79EFBC}") = "Stathis.Repository", "Stathis.Repository\Stathis.Repository.csproj", "{F7A9D35B-1E90-4E76-878B-19D07252070E}"
EndProject
Global
	GlobalSection(SolutionConfigurationPlatforms) = preSolution
		Debug|Any CPU = Debug|Any CPU
		Release|Any CPU = Release|Any CPU
	EndGlobalSection
	GlobalSection(ProjectConfigurationPlatforms) = postSolution
		{AE585B35-59F0-4F59-864F-ED7532CF9342}.Debug|Any CPU.ActiveCfg = Debug|Any CPU
		{AE585B35-59F0-4F59-864F-ED7532CF9342}.Debug|Any CPU.Build.0 = Debug|Any CPU
		{AE585B35-59F0-4F59-864F-ED7532CF9342}.Release|Any CPU.ActiveCfg = Release|Any CPU
		{AE585B35-59F0-4F59-864F-ED7532CF9342}.Release|Any CPU.Build.0 = Release|Any CPU
		{16278DD3-B497-4739-BF04-B0EEA5256260}.Debug|Any CPU.ActiveCfg = Debug|Any CPU
		{16278DD3-B497-4739-BF04-B0EEA5256260}.Debug|Any CPU.Build.0 = Debug|Any CPU
		{16278DD3-B497-4739-BF04-B0EEA5256260}.Release|Any CPU.ActiveCfg = Release|Any CPU
		{16278DD3-B497-4739-BF04-B0EEA5256260}.Release|Any CPU.Build.0 = Release|Any CPU
		{F7A9D35B-1E90-4E76-878B-19D07252070E}.Debug|Any CPU.ActiveCfg = Debug|Any CPU
		{F7A9D35B-1E90-4E76-878B-19D07252070E}.Debug|Any CPU.Build.0 = Debug|Any CPU
		{F7A9D35B-1E90-4E76-878B-19D07252070E}.Release|Any CPU.ActiveCfg = Release|Any CPU
		{F7A9D35B-1E90-4E76-878B-19D07252070E}.Release|Any CPU.Build.0 = Release|Any CPU
	EndGlobalSection
	GlobalSection(SolutionProperties) = preSolution
		HideSolutionNode = FALSE
	EndGlobalSection
EndGlobal
